# This file is automatically @generated by Poetry and should not be changed by hand.

[[package]]
name = "flask"
version = "3.0.3"
description = "A simple framework for building complex web applications."
optional = false
python-versions = ">=3.8"

[[package]]
name = "gunicorn"
version = "22.0.0"
description = "WSGI HTTP Server for UNIX"
optional = false
python-versions = ">=3.7"

[metadata]
lock-version = "2.0"
python-versions = "^3.11"
content-hash = "5d3a9c0f0c0f4f0f8b6b2f6f1f3e0d7a9b1c2d3e4f5a6b7c8d9e0f1a2b3c4d5e"
